
Microsoft Visual Studio Solution File, Format Version 12.00
# Visual Studio 2013
VisualStudioVersion = 12.0.21005.1
MinimumVisualStudioVersion = 10.0.40219.1
Project("{FAE04EC0-301F-11D3-BF4B-00C04F79EFBC}") = "AzureBlobCache", "AzureBlobCache.csproj", "{C4784FB6-D8FE-46D5-B5CB-53F71535AB2F}"
EndProject
Project("{FAE04EC0-301F-11D3-BF4B-00C04F79EFBC}") = "AzureBlobCacheTests", "..\AzureBlobCacheTests\AzureBlobCacheTests.csproj", "{F3847BBC-1555-4B0F-B246-3A2D66142425}"
EndProject
Global
	GlobalSection(SolutionConfigurationPlatforms) = preSolution
		Debug|Any CPU = Debug|Any CPU
		Release|Any CPU = Release|Any CPU
	EndGlobalSection
	GlobalSection(ProjectConfigurationPlatforms) = postSolution
		{C4784FB6-D8FE-46D5-B5CB-53F71535AB2F}.Debug|Any CPU.ActiveCfg = Debug|Any CPU
		{C4784FB6-D8FE-46D5-B5CB-53F71535AB2F}.Debug|Any CPU.Build.0 = Debug|Any CPU
		{C4784FB6-D8FE-46D5-B5CB-53F71535AB2F}.Release|Any CPU.ActiveCfg = Release|Any CPU
		{C4784FB6-D8FE-46D5-B5CB-53F71535AB2F}.Release|Any CPU.Build.0 = Release|Any CPU
		{F3847BBC-1555-4B0F-B246-3A2D66142425}.Debug|Any CPU.ActiveCfg = Debug|Any CPU
		{F3847BBC-1555-4B0F-B246-3A2D66142425}.Debug|Any CPU.Build.0 = Debug|Any CPU
		{F3847BBC-1555-4B0F-B246-3A2D66142425}.Release|Any CPU.ActiveCfg = Release|Any CPU
		{F3847BBC-1555-4B0F-B246-3A2D66142425}.Release|Any CPU.Build.0 = Release|Any CPU
	EndGlobalSection
	GlobalSection(SolutionProperties) = preSolution
		HideSolutionNode = FALSE
	EndGlobalSection
EndGlobal
